
Microsoft Visual Studio Solution File, Format Version 12.00
# Visual Studio Version 16
VisualStudioVersion = 16.0.29001.49
MinimumVisualStudioVersion = 10.0.40219.1
Project("{FAE04EC0-301F-11D3-BF4B-00C04F79EFBC}") = "Test", "Test.csproj", "{DA961D19-BC54-47F4-ABA8-7392AE63F24E}"
EndProject
Global
	GlobalSection(SolutionConfigurationPlatforms) = preSolution
		Debug|Any CPU = Debug|Any CPU
		Release|Any CPU = Release|Any CPU
	EndGlobalSection
	GlobalSection(ProjectConfigurationPlatforms) = postSolution
		{DA961D19-BC54-47F4-ABA8-7392AE63F24E}.Debug|Any CPU.ActiveCfg = Debug|Any CPU
		{DA961D19-BC54-47F4-ABA8-7392AE63F24E}.Debug|Any CPU.Build.0 = Debug|Any CPU
		{DA961D19-BC54-47F4-ABA8-7392AE63F24E}.Release|Any CPU.ActiveCfg = Release|Any CPU
		{DA961D19-BC54-47F4-ABA8-7392AE63F24E}.Release|Any CPU.Build.0 = Release|Any CPU
	EndGlobalSection
	GlobalSection(SolutionProperties) = preSolution
		HideSolutionNode = FALSE
	EndGlobalSection
	GlobalSection(ExtensibilityGlobals) = postSolution
		SolutionGuid = {D60E2D06-3146-4CE7-9205-8918488DF68B}
	EndGlobalSection
EndGlobal
