
Microsoft Visual Studio Solution File, Format Version 12.00
# Visual Studio Version 16
VisualStudioVersion = 16.0.29001.49
MinimumVisualStudioVersion = 10.0.40219.1
Project("{FAE04EC0-301F-11D3-BF4B-00C04F79EFBC}") = "Lab 3 BMI Calculator", "Lab 3 BMI Calculator\Lab 3 BMI Calculator.csproj", "{2235A9C1-5CAD-4D35-8CC9-DAE7882780EE}"
EndProject
Global
	GlobalSection(SolutionConfigurationPlatforms) = preSolution
		Debug|Any CPU = Debug|Any CPU
		Release|Any CPU = Release|Any CPU
	EndGlobalSection
	GlobalSection(ProjectConfigurationPlatforms) = postSolution
		{2235A9C1-5CAD-4D35-8CC9-DAE7882780EE}.Debug|Any CPU.ActiveCfg = Debug|Any CPU
		{2235A9C1-5CAD-4D35-8CC9-DAE7882780EE}.Debug|Any CPU.Build.0 = Debug|Any CPU
		{2235A9C1-5CAD-4D35-8CC9-DAE7882780EE}.Release|Any CPU.ActiveCfg = Release|Any CPU
		{2235A9C1-5CAD-4D35-8CC9-DAE7882780EE}.Release|Any CPU.Build.0 = Release|Any CPU
	EndGlobalSection
	GlobalSection(SolutionProperties) = preSolution
		HideSolutionNode = FALSE
	EndGlobalSection
	GlobalSection(ExtensibilityGlobals) = postSolution
		SolutionGuid = {04C1854D-5F66-492C-99B7-DBF49862BEE1}
	EndGlobalSection
EndGlobal
